// !$*UTF8*$!
{
	archiveVersion = 1;
	classes = {
	};
	objectVersion = 56;
	objects = {

/* Begin PBXBuildFile section */
		6524F3A62B63049D001D804C /* Localizable.strings in Resources */ = {isa = PBXBuildFile; fileRef = 6524F3A82B63049D001D804C /* Localizable.strings */; };
		6524F3AB2B630532001D804C /* Localized.swift in Sources */ = {isa = PBXBuildFile; fileRef = 6524F3AA2B630532001D804C /* Localized.swift */; };
		6524F3AD2B6312A1001D804C /* Helpers.swift in Sources */ = {isa = PBXBuildFile; fileRef = 6524F3AC2B6312A1001D804C /* Helpers.swift */; };
		6524F3B02B6312DC001D804C /* PugResponse.json in Resources */ = {isa = PBXBuildFile; fileRef = 6524F3AF2B6312DC001D804C /* PugResponse.json */; };
		6524F3B22B631B4F001D804C /* MockFeedAPIManager.swift in Sources */ = {isa = PBXBuildFile; fileRef = 6524F3B12B631B4F001D804C /* MockFeedAPIManager.swift */; };
		6524F3B52B631DB1001D804C /* FirebaseCrashlytics in Frameworks */ = {isa = PBXBuildFile; productRef = 6524F3B42B631DB1001D804C /* FirebaseCrashlytics */; };
		6524F3BB2B631E8B001D804C /* GoogleService-Info.plist in Resources */ = {isa = PBXBuildFile; fileRef = 6524F3BA2B631E8B001D804C /* GoogleService-Info.plist */; };
		6524F3BF2B640F53001D804C /* Util.swift in Sources */ = {isa = PBXBuildFile; fileRef = 6524F3BE2B640F53001D804C /* Util.swift */; };
		6524F3C22B640F81001D804C /* Reachability in Frameworks */ = {isa = PBXBuildFile; productRef = 6524F3C12B640F81001D804C /* Reachability */; };
		6524F3C62B6410AF001D804C /* NoInternetView.xib in Resources */ = {isa = PBXBuildFile; fileRef = 6524F3C42B6410AF001D804C /* NoInternetView.xib */; };
		6524F3C72B6410AF001D804C /* NoInternetView.swift in Sources */ = {isa = PBXBuildFile; fileRef = 6524F3C52B6410AF001D804C /* NoInternetView.swift */; };
		6524F3CA2B6420AC001D804C /* SnackBar in Frameworks */ = {isa = PBXBuildFile; productRef = 6524F3C92B6420AC001D804C /* SnackBar */; };
		65C80E4C2B62D1A10071931A /* AppDelegate.swift in Sources */ = {isa = PBXBuildFile; fileRef = 65C80E4B2B62D1A10071931A /* AppDelegate.swift */; };
		65C80E4E2B62D1A10071931A /* SceneDelegate.swift in Sources */ = {isa = PBXBuildFile; fileRef = 65C80E4D2B62D1A10071931A /* SceneDelegate.swift */; };
		65C80E552B62D1A30071931A /* Assets.xcassets in Resources */ = {isa = PBXBuildFile; fileRef = 65C80E542B62D1A30071931A /* Assets.xcassets */; };
		65C80E582B62D1A30071931A /* LaunchScreen.storyboard in Resources */ = {isa = PBXBuildFile; fileRef = 65C80E562B62D1A30071931A /* LaunchScreen.storyboard */; };
		65C80E632B62D1A30071931A /* FeedViewModelTests.swift in Sources */ = {isa = PBXBuildFile; fileRef = 65C80E622B62D1A30071931A /* FeedViewModelTests.swift */; };
		65C80E6D2B62D1A30071931A /* PugsUITests.swift in Sources */ = {isa = PBXBuildFile; fileRef = 65C80E6C2B62D1A30071931A /* PugsUITests.swift */; };
		65C80E6F2B62D1A30071931A /* PugsUITestsLaunchTests.swift in Sources */ = {isa = PBXBuildFile; fileRef = 65C80E6E2B62D1A30071931A /* PugsUITestsLaunchTests.swift */; };
		65C80E7D2B62DB800071931A /* FeedApiManager.swift in Sources */ = {isa = PBXBuildFile; fileRef = 65C80E7C2B62DB800071931A /* FeedApiManager.swift */; };
		65C80E822B62DBA40071931A /* FeedItem.swift in Sources */ = {isa = PBXBuildFile; fileRef = 65C80E812B62DBA40071931A /* FeedItem.swift */; };
		65C80E842B62DBB10071931A /* PugResponse.swift in Sources */ = {isa = PBXBuildFile; fileRef = 65C80E832B62DBB10071931A /* PugResponse.swift */; };
		65C80E862B62DBCB0071931A /* FeedViewModel.swift in Sources */ = {isa = PBXBuildFile; fileRef = 65C80E852B62DBCB0071931A /* FeedViewModel.swift */; };
		65C80E892B62DC2B0071931A /* Constant.swift in Sources */ = {isa = PBXBuildFile; fileRef = 65C80E882B62DC2B0071931A /* Constant.swift */; };
		65C80E8B2B62DC510071931A /* PAServiceError.swift in Sources */ = {isa = PBXBuildFile; fileRef = 65C80E8A2B62DC510071931A /* PAServiceError.swift */; };
		65C80E8E2B62DC730071931A /* Alamofire in Frameworks */ = {isa = PBXBuildFile; productRef = 65C80E8D2B62DC730071931A /* Alamofire */; };
		65C80E912B62DCA70071931A /* FeedViewController.swift in Sources */ = {isa = PBXBuildFile; fileRef = 65C80E8F2B62DCA70071931A /* FeedViewController.swift */; };
		65C80E922B62DCA70071931A /* FeedViewController.xib in Resources */ = {isa = PBXBuildFile; fileRef = 65C80E902B62DCA70071931A /* FeedViewController.xib */; };
		65C80E962B62DCF80071931A /* FeedItemCell.swift in Sources */ = {isa = PBXBuildFile; fileRef = 65C80E942B62DCF70071931A /* FeedItemCell.swift */; };
		65C80E972B62DCF80071931A /* FeedItemCell.xib in Resources */ = {isa = PBXBuildFile; fileRef = 65C80E952B62DCF70071931A /* FeedItemCell.xib */; };
		65C80E9B2B62DF060071931A /* Nuke in Frameworks */ = {isa = PBXBuildFile; productRef = 65C80E9A2B62DF060071931A /* Nuke */; };
		65C80E9D2B62DF060071931A /* NukeExtensions in Frameworks */ = {isa = PBXBuildFile; productRef = 65C80E9C2B62DF060071931A /* NukeExtensions */; };
		65C80EA02B62E5FF0071931A /* SwiftFormat in Frameworks */ = {isa = PBXBuildFile; productRef = 65C80E9F2B62E5FF0071931A /* SwiftFormat */; };
/* End PBXBuildFile section */

/* Begin PBXContainerItemProxy section */
		65C80E5F2B62D1A30071931A /* PBXContainerItemProxy */ = {
			isa = PBXContainerItemProxy;
			containerPortal = 65C80E402B62D1A10071931A /* Project object */;
			proxyType = 1;
			remoteGlobalIDString = 65C80E472B62D1A10071931A;
			remoteInfo = Pugs;
		};
		65C80E692B62D1A30071931A /* PBXContainerItemProxy */ = {
			isa = PBXContainerItemProxy;
			containerPortal = 65C80E402B62D1A10071931A /* Project object */;
			proxyType = 1;
			remoteGlobalIDString = 65C80E472B62D1A10071931A;
			remoteInfo = Pugs;
		};
/* End PBXContainerItemProxy section */

/* Begin PBXFileReference section */
		6524F3A72B63049D001D804C /* en */ = {isa = PBXFileReference; lastKnownFileType = text.plist.strings; name = en; path = en.lproj/Localizable.strings; sourceTree = "<group>"; };
		6524F3A92B6304A0001D804C /* es */ = {isa = PBXFileReference; lastKnownFileType = text.plist.strings; name = es; path = es.lproj/Localizable.strings; sourceTree = "<group>"; };
		6524F3AA2B630532001D804C /* Localized.swift */ = {isa = PBXFileReference; lastKnownFileType = sourcecode.swift; path = Localized.swift; sourceTree = "<group>"; };
		6524F3AC2B6312A1001D804C /* Helpers.swift */ = {isa = PBXFileReference; lastKnownFileType = sourcecode.swift; path = Helpers.swift; sourceTree = "<group>"; };
		6524F3AF2B6312DC001D804C /* PugResponse.json */ = {isa = PBXFileReference; lastKnownFileType = text.json; path = PugResponse.json; sourceTree = "<group>"; };
		6524F3B12B631B4F001D804C /* MockFeedAPIManager.swift */ = {isa = PBXFileReference; lastKnownFileType = sourcecode.swift; path = MockFeedAPIManager.swift; sourceTree = "<group>"; };
		6524F3BA2B631E8B001D804C /* GoogleService-Info.plist */ = {isa = PBXFileReference; fileEncoding = 4; lastKnownFileType = text.plist.xml; path = "GoogleService-Info.plist"; sourceTree = "<group>"; };
		6524F3BE2B640F53001D804C /* Util.swift */ = {isa = PBXFileReference; lastKnownFileType = sourcecode.swift; path = Util.swift; sourceTree = "<group>"; };
		6524F3C42B6410AF001D804C /* NoInternetView.xib */ = {isa = PBXFileReference; fileEncoding = 4; lastKnownFileType = file.xib; path = NoInternetView.xib; sourceTree = "<group>"; };
		6524F3C52B6410AF001D804C /* NoInternetView.swift */ = {isa = PBXFileReference; fileEncoding = 4; lastKnownFileType = sourcecode.swift; path = NoInternetView.swift; sourceTree = "<group>"; };
		65C80E482B62D1A10071931A /* Pugs.app */ = {isa = PBXFileReference; explicitFileType = wrapper.application; includeInIndex = 0; path = Pugs.app; sourceTree = BUILT_PRODUCTS_DIR; };
		65C80E4B2B62D1A10071931A /* AppDelegate.swift */ = {isa = PBXFileReference; lastKnownFileType = sourcecode.swift; path = AppDelegate.swift; sourceTree = "<group>"; };
		65C80E4D2B62D1A10071931A /* SceneDelegate.swift */ = {isa = PBXFileReference; lastKnownFileType = sourcecode.swift; path = SceneDelegate.swift; sourceTree = "<group>"; };
		65C80E542B62D1A30071931A /* Assets.xcassets */ = {isa = PBXFileReference; lastKnownFileType = folder.assetcatalog; path = Assets.xcassets; sourceTree = "<group>"; };
		65C80E572B62D1A30071931A /* Base */ = {isa = PBXFileReference; lastKnownFileType = file.storyboard; name = Base; path = Base.lproj/LaunchScreen.storyboard; sourceTree = "<group>"; };
		65C80E592B62D1A30071931A /* Info.plist */ = {isa = PBXFileReference; lastKnownFileType = text.plist.xml; path = Info.plist; sourceTree = "<group>"; };
		65C80E5E2B62D1A30071931A /* PugsTests.xctest */ = {isa = PBXFileReference; explicitFileType = wrapper.cfbundle; includeInIndex = 0; path = PugsTests.xctest; sourceTree = BUILT_PRODUCTS_DIR; };
		65C80E622B62D1A30071931A /* FeedViewModelTests.swift */ = {isa = PBXFileReference; lastKnownFileType = sourcecode.swift; path = FeedViewModelTests.swift; sourceTree = "<group>"; };
		65C80E682B62D1A30071931A /* PugsUITests.xctest */ = {isa = PBXFileReference; explicitFileType = wrapper.cfbundle; includeInIndex = 0; path = PugsUITests.xctest; sourceTree = BUILT_PRODUCTS_DIR; };
		65C80E6C2B62D1A30071931A /* PugsUITests.swift */ = {isa = PBXFileReference; lastKnownFileType = sourcecode.swift; path = PugsUITests.swift; sourceTree = "<group>"; };
		65C80E6E2B62D1A30071931A /* PugsUITestsLaunchTests.swift */ = {isa = PBXFileReference; lastKnownFileType = sourcecode.swift; path = PugsUITestsLaunchTests.swift; sourceTree = "<group>"; };
		65C80E7C2B62DB800071931A /* FeedApiManager.swift */ = {isa = PBXFileReference; lastKnownFileType = sourcecode.swift; path = FeedApiManager.swift; sourceTree = "<group>"; };
		65C80E812B62DBA40071931A /* FeedItem.swift */ = {isa = PBXFileReference; lastKnownFileType = sourcecode.swift; path = FeedItem.swift; sourceTree = "<group>"; };
		65C80E832B62DBB10071931A /* PugResponse.swift */ = {isa = PBXFileReference; lastKnownFileType = sourcecode.swift; path = PugResponse.swift; sourceTree = "<group>"; };
		65C80E852B62DBCB0071931A /* FeedViewModel.swift */ = {isa = PBXFileReference; lastKnownFileType = sourcecode.swift; path = FeedViewModel.swift; sourceTree = "<group>"; };
		65C80E882B62DC2B0071931A /* Constant.swift */ = {isa = PBXFileReference; lastKnownFileType = sourcecode.swift; path = Constant.swift; sourceTree = "<group>"; };
		65C80E8A2B62DC510071931A /* PAServiceError.swift */ = {isa = PBXFileReference; lastKnownFileType = sourcecode.swift; path = PAServiceError.swift; sourceTree = "<group>"; };
		65C80E8F2B62DCA70071931A /* FeedViewController.swift */ = {isa = PBXFileReference; lastKnownFileType = sourcecode.swift; path = FeedViewController.swift; sourceTree = "<group>"; };
		65C80E902B62DCA70071931A /* FeedViewController.xib */ = {isa = PBXFileReference; lastKnownFileType = file.xib; path = FeedViewController.xib; sourceTree = "<group>"; };
		65C80E942B62DCF70071931A /* FeedItemCell.swift */ = {isa = PBXFileReference; fileEncoding = 4; lastKnownFileType = sourcecode.swift; path = FeedItemCell.swift; sourceTree = "<group>"; };
		65C80E952B62DCF70071931A /* FeedItemCell.xib */ = {isa = PBXFileReference; fileEncoding = 4; lastKnownFileType = file.xib; path = FeedItemCell.xib; sourceTree = "<group>"; };
/* End PBXFileReference section */

/* Begin PBXFrameworksBuildPhase section */
		65C80E452B62D1A10071931A /* Frameworks */ = {
			isa = PBXFrameworksBuildPhase;
			buildActionMask = 2147483647;
			files = (
				65C80E8E2B62DC730071931A /* Alamofire in Frameworks */,
				6524F3C22B640F81001D804C /* Reachability in Frameworks */,
				6524F3CA2B6420AC001D804C /* SnackBar in Frameworks */,
				65C80EA02B62E5FF0071931A /* SwiftFormat in Frameworks */,
				6524F3B52B631DB1001D804C /* FirebaseCrashlytics in Frameworks */,
				65C80E9B2B62DF060071931A /* Nuke in Frameworks */,
				65C80E9D2B62DF060071931A /* NukeExtensions in Frameworks */,
			);
			runOnlyForDeploymentPostprocessing = 0;
		};
		65C80E5B2B62D1A30071931A /* Frameworks */ = {
			isa = PBXFrameworksBuildPhase;
			buildActionMask = 2147483647;
			files = (
			);
			runOnlyForDeploymentPostprocessing = 0;
		};
		65C80E652B62D1A30071931A /* Frameworks */ = {
			isa = PBXFrameworksBuildPhase;
			buildActionMask = 2147483647;
			files = (
			);
			runOnlyForDeploymentPostprocessing = 0;
		};
/* End PBXFrameworksBuildPhase section */

/* Begin PBXGroup section */
		6524F3AE2B6312B2001D804C /* Mocks */ = {
			isa = PBXGroup;
			children = (
				6524F3AF2B6312DC001D804C /* PugResponse.json */,
			);
			path = Mocks;
			sourceTree = "<group>";
		};
		6524F3C32B64109D001D804C /* View */ = {
			isa = PBXGroup;
			children = (
				6524F3C52B6410AF001D804C /* NoInternetView.swift */,
				6524F3C42B6410AF001D804C /* NoInternetView.xib */,
			);
			path = View;
			sourceTree = "<group>";
		};
		65C80E3F2B62D1A10071931A = {
			isa = PBXGroup;
			children = (
				6524F3A82B63049D001D804C /* Localizable.strings */,
				65C80E4A2B62D1A10071931A /* Pugs */,
				65C80E612B62D1A30071931A /* PugsTests */,
				65C80E6B2B62D1A30071931A /* PugsUITests */,
				65C80E492B62D1A10071931A /* Products */,
			);
			sourceTree = "<group>";
		};
		65C80E492B62D1A10071931A /* Products */ = {
			isa = PBXGroup;
			children = (
				65C80E482B62D1A10071931A /* Pugs.app */,
				65C80E5E2B62D1A30071931A /* PugsTests.xctest */,
				65C80E682B62D1A30071931A /* PugsUITests.xctest */,
			);
			name = Products;
			sourceTree = "<group>";
		};
		65C80E4A2B62D1A10071931A /* Pugs */ = {
			isa = PBXGroup;
			children = (
				65C80E4B2B62D1A10071931A /* AppDelegate.swift */,
				65C80E4D2B62D1A10071931A /* SceneDelegate.swift */,
				65C80E872B62DC150071931A /* Common */,
				65C80E7B2B62DB470071931A /* Feed */,
				65C80E542B62D1A30071931A /* Assets.xcassets */,
				65C80E562B62D1A30071931A /* LaunchScreen.storyboard */,
				65C80E592B62D1A30071931A /* Info.plist */,
				6524F3BA2B631E8B001D804C /* GoogleService-Info.plist */,
			);
			path = Pugs;
			sourceTree = "<group>";
		};
		65C80E612B62D1A30071931A /* PugsTests */ = {
			isa = PBXGroup;
			children = (
				6524F3AE2B6312B2001D804C /* Mocks */,
				65C80E622B62D1A30071931A /* FeedViewModelTests.swift */,
				6524F3AC2B6312A1001D804C /* Helpers.swift */,
				6524F3B12B631B4F001D804C /* MockFeedAPIManager.swift */,
			);
			path = PugsTests;
			sourceTree = "<group>";
		};
		65C80E6B2B62D1A30071931A /* PugsUITests */ = {
			isa = PBXGroup;
			children = (
				65C80E6C2B62D1A30071931A /* PugsUITests.swift */,
				65C80E6E2B62D1A30071931A /* PugsUITestsLaunchTests.swift */,
			);
			path = PugsUITests;
			sourceTree = "<group>";
		};
		65C80E7B2B62DB470071931A /* Feed */ = {
			isa = PBXGroup;
			children = (
				65C80E7C2B62DB800071931A /* FeedApiManager.swift */,
				65C80E802B62DB8E0071931A /* Model */,
				65C80E7F2B62DB880071931A /* ViewModel */,
				65C80E7E2B62DB830071931A /* View */,
			);
			path = Feed;
			sourceTree = "<group>";
		};
		65C80E7E2B62DB830071931A /* View */ = {
			isa = PBXGroup;
			children = (
				65C80E932B62DCDC0071931A /* FeedItemCell */,
				65C80E8F2B62DCA70071931A /* FeedViewController.swift */,
				65C80E902B62DCA70071931A /* FeedViewController.xib */,
			);
			path = View;
			sourceTree = "<group>";
		};
		65C80E7F2B62DB880071931A /* ViewModel */ = {
			isa = PBXGroup;
			children = (
				65C80E852B62DBCB0071931A /* FeedViewModel.swift */,
			);
			path = ViewModel;
			sourceTree = "<group>";
		};
		65C80E802B62DB8E0071931A /* Model */ = {
			isa = PBXGroup;
			children = (
				65C80E812B62DBA40071931A /* FeedItem.swift */,
				65C80E832B62DBB10071931A /* PugResponse.swift */,
			);
			path = Model;
			sourceTree = "<group>";
		};
		65C80E872B62DC150071931A /* Common */ = {
			isa = PBXGroup;
			children = (
				6524F3C32B64109D001D804C /* View */,
				6524F3AA2B630532001D804C /* Localized.swift */,
				65C80E882B62DC2B0071931A /* Constant.swift */,
				65C80E8A2B62DC510071931A /* PAServiceError.swift */,
				6524F3BE2B640F53001D804C /* Util.swift */,
			);
			path = Common;
			sourceTree = "<group>";
		};
		65C80E932B62DCDC0071931A /* FeedItemCell */ = {
			isa = PBXGroup;
			children = (
				65C80E942B62DCF70071931A /* FeedItemCell.swift */,
				65C80E952B62DCF70071931A /* FeedItemCell.xib */,
			);
			path = FeedItemCell;
			sourceTree = "<group>";
		};
/* End PBXGroup section */

/* Begin PBXNativeTarget section */
		65C80E472B62D1A10071931A /* Pugs */ = {
			isa = PBXNativeTarget;
			buildConfigurationList = 65C80E722B62D1A30071931A /* Build configuration list for PBXNativeTarget "Pugs" */;
			buildPhases = (
				65C80E442B62D1A10071931A /* Sources */,
				65C80E452B62D1A10071931A /* Frameworks */,
				65C80E462B62D1A10071931A /* Resources */,
			);
			buildRules = (
			);
			dependencies = (
			);
			name = Pugs;
			packageProductDependencies = (
				65C80E8D2B62DC730071931A /* Alamofire */,
				65C80E9A2B62DF060071931A /* Nuke */,
				65C80E9C2B62DF060071931A /* NukeExtensions */,
				65C80E9F2B62E5FF0071931A /* SwiftFormat */,
				6524F3B42B631DB1001D804C /* FirebaseCrashlytics */,
				6524F3C12B640F81001D804C /* Reachability */,
				6524F3C92B6420AC001D804C /* SnackBar */,
			);
			productName = Pugs;
			productReference = 65C80E482B62D1A10071931A /* Pugs.app */;
			productType = "com.apple.product-type.application";
		};
		65C80E5D2B62D1A30071931A /* PugsTests */ = {
			isa = PBXNativeTarget;
			buildConfigurationList = 65C80E752B62D1A30071931A /* Build configuration list for PBXNativeTarget "PugsTests" */;
			buildPhases = (
				65C80E5A2B62D1A30071931A /* Sources */,
				65C80E5B2B62D1A30071931A /* Frameworks */,
				65C80E5C2B62D1A30071931A /* Resources */,
			);
			buildRules = (
			);
			dependencies = (
				65C80E602B62D1A30071931A /* PBXTargetDependency */,
			);
			name = PugsTests;
			productName = PugsTests;
			productReference = 65C80E5E2B62D1A30071931A /* PugsTests.xctest */;
			productType = "com.apple.product-type.bundle.unit-test";
		};
		65C80E672B62D1A30071931A /* PugsUITests */ = {
			isa = PBXNativeTarget;
			buildConfigurationList = 65C80E782B62D1A30071931A /* Build configuration list for PBXNativeTarget "PugsUITests" */;
			buildPhases = (
				65C80E642B62D1A30071931A /* Sources */,
				65C80E652B62D1A30071931A /* Frameworks */,
				65C80E662B62D1A30071931A /* Resources */,
			);
			buildRules = (
			);
			dependencies = (
				65C80E6A2B62D1A30071931A /* PBXTargetDependency */,
			);
			name = PugsUITests;
			productName = PugsUITests;
			productReference = 65C80E682B62D1A30071931A /* PugsUITests.xctest */;
			productType = "com.apple.product-type.bundle.ui-testing";
		};
/* End PBXNativeTarget section */

/* Begin PBXProject section */
		65C80E402B62D1A10071931A /* Project object */ = {
			isa = PBXProject;
			attributes = {
				BuildIndependentTargetsInParallel = 1;
				LastSwiftUpdateCheck = 1500;
				LastUpgradeCheck = 1500;
				TargetAttributes = {
					65C80E472B62D1A10071931A = {
						CreatedOnToolsVersion = 15.0.1;
					};
					65C80E5D2B62D1A30071931A = {
						CreatedOnToolsVersion = 15.0.1;
						TestTargetID = 65C80E472B62D1A10071931A;
					};
					65C80E672B62D1A30071931A = {
						CreatedOnToolsVersion = 15.0.1;
						TestTargetID = 65C80E472B62D1A10071931A;
					};
				};
			};
			buildConfigurationList = 65C80E432B62D1A10071931A /* Build configuration list for PBXProject "Pugs" */;
			compatibilityVersion = "Xcode 14.0";
			developmentRegion = en;
			hasScannedForEncodings = 0;
			knownRegions = (
				en,
				Base,
				es,
			);
			mainGroup = 65C80E3F2B62D1A10071931A;
			packageReferences = (
				65C80E8C2B62DC730071931A /* XCRemoteSwiftPackageReference "Alamofire" */,
				65C80E992B62DF060071931A /* XCRemoteSwiftPackageReference "Nuke" */,
				65C80E9E2B62E5FF0071931A /* XCRemoteSwiftPackageReference "SwiftFormat" */,
				6524F3B32B631DB1001D804C /* XCRemoteSwiftPackageReference "firebase-ios-sdk" */,
				6524F3C02B640F81001D804C /* XCRemoteSwiftPackageReference "Reachability" */,
				6524F3C82B6420AC001D804C /* XCRemoteSwiftPackageReference "SnackBar" */,
			);
			productRefGroup = 65C80E492B62D1A10071931A /* Products */;
			projectDirPath = "";
			projectRoot = "";
			targets = (
				65C80E472B62D1A10071931A /* Pugs */,
				65C80E5D2B62D1A30071931A /* PugsTests */,
				65C80E672B62D1A30071931A /* PugsUITests */,
			);
		};
/* End PBXProject section */

/* Begin PBXResourcesBuildPhase section */
		65C80E462B62D1A10071931A /* Resources */ = {
			isa = PBXResourcesBuildPhase;
			buildActionMask = 2147483647;
			files = (
				6524F3C62B6410AF001D804C /* NoInternetView.xib in Resources */,
				65C80E972B62DCF80071931A /* FeedItemCell.xib in Resources */,
				6524F3A62B63049D001D804C /* Localizable.strings in Resources */,
				65C80E582B62D1A30071931A /* LaunchScreen.storyboard in Resources */,
				65C80E552B62D1A30071931A /* Assets.xcassets in Resources */,
				65C80E922B62DCA70071931A /* FeedViewController.xib in Resources */,
				6524F3BB2B631E8B001D804C /* GoogleService-Info.plist in Resources */,
			);
			runOnlyForDeploymentPostprocessing = 0;
		};
		65C80E5C2B62D1A30071931A /* Resources */ = {
			isa = PBXResourcesBuildPhase;
			buildActionMask = 2147483647;
			files = (
				6524F3B02B6312DC001D804C /* PugResponse.json in Resources */,
			);
			runOnlyForDeploymentPostprocessing = 0;
		};
		65C80E662B62D1A30071931A /* Resources */ = {
			isa = PBXResourcesBuildPhase;
			buildActionMask = 2147483647;
			files = (
			);
			runOnlyForDeploymentPostprocessing = 0;
		};
/* End PBXResourcesBuildPhase section */

/* Begin PBXSourcesBuildPhase section */
		65C80E442B62D1A10071931A /* Sources */ = {
			isa = PBXSourcesBuildPhase;
			buildActionMask = 2147483647;
			files = (
				65C80E862B62DBCB0071931A /* FeedViewModel.swift in Sources */,
				6524F3C72B6410AF001D804C /* NoInternetView.swift in Sources */,
				65C80E7D2B62DB800071931A /* FeedApiManager.swift in Sources */,
				65C80E912B62DCA70071931A /* FeedViewController.swift in Sources */,
				65C80E8B2B62DC510071931A /* PAServiceError.swift in Sources */,
				65C80E962B62DCF80071931A /* FeedItemCell.swift in Sources */,
				65C80E892B62DC2B0071931A /* Constant.swift in Sources */,
				6524F3AB2B630532001D804C /* Localized.swift in Sources */,
				6524F3BF2B640F53001D804C /* Util.swift in Sources */,
				65C80E4C2B62D1A10071931A /* AppDelegate.swift in Sources */,
				65C80E822B62DBA40071931A /* FeedItem.swift in Sources */,
				65C80E4E2B62D1A10071931A /* SceneDelegate.swift in Sources */,
				65C80E842B62DBB10071931A /* PugResponse.swift in Sources */,
			);
			runOnlyForDeploymentPostprocessing = 0;
		};
		65C80E5A2B62D1A30071931A /* Sources */ = {
			isa = PBXSourcesBuildPhase;
			buildActionMask = 2147483647;
			files = (
				65C80E632B62D1A30071931A /* FeedViewModelTests.swift in Sources */,
				6524F3B22B631B4F001D804C /* MockFeedAPIManager.swift in Sources */,
				6524F3AD2B6312A1001D804C /* Helpers.swift in Sources */,
			);
			runOnlyForDeploymentPostprocessing = 0;
		};
		65C80E642B62D1A30071931A /* Sources */ = {
			isa = PBXSourcesBuildPhase;
			buildActionMask = 2147483647;
			files = (
				65C80E6D2B62D1A30071931A /* PugsUITests.swift in Sources */,
				65C80E6F2B62D1A30071931A /* PugsUITestsLaunchTests.swift in Sources */,
			);
			runOnlyForDeploymentPostprocessing = 0;
		};
/* End PBXSourcesBuildPhase section */

/* Begin PBXTargetDependency section */
		65C80E602B62D1A30071931A /* PBXTargetDependency */ = {
			isa = PBXTargetDependency;
			target = 65C80E472B62D1A10071931A /* Pugs */;
			targetProxy = 65C80E5F2B62D1A30071931A /* PBXContainerItemProxy */;
		};
		65C80E6A2B62D1A30071931A /* PBXTargetDependency */ = {
			isa = PBXTargetDependency;
			target = 65C80E472B62D1A10071931A /* Pugs */;
			targetProxy = 65C80E692B62D1A30071931A /* PBXContainerItemProxy */;
		};
/* End PBXTargetDependency section */

/* Begin PBXVariantGroup section */
		6524F3A82B63049D001D804C /* Localizable.strings */ = {
			isa = PBXVariantGroup;
			children = (
				6524F3A72B63049D001D804C /* en */,
				6524F3A92B6304A0001D804C /* es */,
			);
			name = Localizable.strings;
			sourceTree = "<group>";
		};
		65C80E562B62D1A30071931A /* LaunchScreen.storyboard */ = {
			isa = PBXVariantGroup;
			children = (
				65C80E572B62D1A30071931A /* Base */,
			);
			name = LaunchScreen.storyboard;
			sourceTree = "<group>";
		};
/* End PBXVariantGroup section */

/* Begin XCBuildConfiguration section */
		65C80E702B62D1A30071931A /* Debug */ = {
			isa = XCBuildConfiguration;
			buildSettings = {
				ALWAYS_SEARCH_USER_PATHS = NO;
				ASSETCATALOG_COMPILER_GENERATE_SWIFT_ASSET_SYMBOL_EXTENSIONS = YES;
				CLANG_ANALYZER_LOCALIZABILITY_NONLOCALIZED = YES;
				CLANG_ANALYZER_NONNULL = YES;
				CLANG_ANALYZER_NUMBER_OBJECT_CONVERSION = YES_AGGRESSIVE;
				CLANG_CXX_LANGUAGE_STANDARD = "gnu++20";
				CLANG_ENABLE_MODULES = YES;
				CLANG_ENABLE_OBJC_ARC = YES;
				CLANG_ENABLE_OBJC_WEAK = YES;
				CLANG_WARN_BLOCK_CAPTURE_AUTORELEASING = YES;
				CLANG_WARN_BOOL_CONVERSION = YES;
				CLANG_WARN_COMMA = YES;
				CLANG_WARN_CONSTANT_CONVERSION = YES;
				CLANG_WARN_DEPRECATED_OBJC_IMPLEMENTATIONS = YES;
				CLANG_WARN_DIRECT_OBJC_ISA_USAGE = YES_ERROR;
				CLANG_WARN_DOCUMENTATION_COMMENTS = YES;
				CLANG_WARN_EMPTY_BODY = YES;
				CLANG_WARN_ENUM_CONVERSION = YES;
				CLANG_WARN_INFINITE_RECURSION = YES;
				CLANG_WARN_INT_CONVERSION = YES;
				CLANG_WARN_NON_LITERAL_NULL_CONVERSION = YES;
				CLANG_WARN_OBJC_IMPLICIT_RETAIN_SELF = YES;
				CLANG_WARN_OBJC_LITERAL_CONVERSION = YES;
				CLANG_WARN_OBJC_ROOT_CLASS = YES_ERROR;
				CLANG_WARN_QUOTED_INCLUDE_IN_FRAMEWORK_HEADER = YES;
				CLANG_WARN_RANGE_LOOP_ANALYSIS = YES;
				CLANG_WARN_STRICT_PROTOTYPES = YES;
				CLANG_WARN_SUSPICIOUS_MOVE = YES;
				CLANG_WARN_UNGUARDED_AVAILABILITY = YES_AGGRESSIVE;
				CLANG_WARN_UNREACHABLE_CODE = YES;
				CLANG_WARN__DUPLICATE_METHOD_MATCH = YES;
				COPY_PHASE_STRIP = NO;
				DEBUG_INFORMATION_FORMAT = dwarf;
				ENABLE_STRICT_OBJC_MSGSEND = YES;
				ENABLE_TESTABILITY = YES;
				ENABLE_USER_SCRIPT_SANDBOXING = YES;
				GCC_C_LANGUAGE_STANDARD = gnu17;
				GCC_DYNAMIC_NO_PIC = NO;
				GCC_NO_COMMON_BLOCKS = YES;
				GCC_OPTIMIZATION_LEVEL = 0;
				GCC_PREPROCESSOR_DEFINITIONS = (
					"DEBUG=1",
					"$(inherited)",
				);
				GCC_WARN_64_TO_32_BIT_CONVERSION = YES;
				GCC_WARN_ABOUT_RETURN_TYPE = YES_ERROR;
				GCC_WARN_UNDECLARED_SELECTOR = YES;
				GCC_WARN_UNINITIALIZED_AUTOS = YES_AGGRESSIVE;
				GCC_WARN_UNUSED_FUNCTION = YES;
				GCC_WARN_UNUSED_VARIABLE = YES;
				IPHONEOS_DEPLOYMENT_TARGET = 17.0;
				LOCALIZATION_PREFERS_STRING_CATALOGS = YES;
				MTL_ENABLE_DEBUG_INFO = INCLUDE_SOURCE;
				MTL_FAST_MATH = YES;
				ONLY_ACTIVE_ARCH = YES;
				SDKROOT = iphoneos;
				SWIFT_ACTIVE_COMPILATION_CONDITIONS = "DEBUG $(inherited)";
				SWIFT_OPTIMIZATION_LEVEL = "-Onone";
			};
			name = Debug;
		};
		65C80E712B62D1A30071931A /* Release */ = {
			isa = XCBuildConfiguration;
			buildSettings = {
				ALWAYS_SEARCH_USER_PATHS = NO;
				ASSETCATALOG_COMPILER_GENERATE_SWIFT_ASSET_SYMBOL_EXTENSIONS = YES;
				CLANG_ANALYZER_LOCALIZABILITY_NONLOCALIZED = YES;
				CLANG_ANALYZER_NONNULL = YES;
				CLANG_ANALYZER_NUMBER_OBJECT_CONVERSION = YES_AGGRESSIVE;
				CLANG_CXX_LANGUAGE_STANDARD = "gnu++20";
				CLANG_ENABLE_MODULES = YES;
				CLANG_ENABLE_OBJC_ARC = YES;
				CLANG_ENABLE_OBJC_WEAK = YES;
				CLANG_WARN_BLOCK_CAPTURE_AUTORELEASING = YES;
				CLANG_WARN_BOOL_CONVERSION = YES;
				CLANG_WARN_COMMA = YES;
				CLANG_WARN_CONSTANT_CONVERSION = YES;
				CLANG_WARN_DEPRECATED_OBJC_IMPLEMENTATIONS = YES;
				CLANG_WARN_DIRECT_OBJC_ISA_USAGE = YES_ERROR;
				CLANG_WARN_DOCUMENTATION_COMMENTS = YES;
				CLANG_WARN_EMPTY_BODY = YES;
				CLANG_WARN_ENUM_CONVERSION = YES;
				CLANG_WARN_INFINITE_RECURSION = YES;
				CLANG_WARN_INT_CONVERSION = YES;
				CLANG_WARN_NON_LITERAL_NULL_CONVERSION = YES;
				CLANG_WARN_OBJC_IMPLICIT_RETAIN_SELF = YES;
				CLANG_WARN_OBJC_LITERAL_CONVERSION = YES;
				CLANG_WARN_OBJC_ROOT_CLASS = YES_ERROR;
				CLANG_WARN_QUOTED_INCLUDE_IN_FRAMEWORK_HEADER = YES;
				CLANG_WARN_RANGE_LOOP_ANALYSIS = YES;
				CLANG_WARN_STRICT_PROTOTYPES = YES;
				CLANG_WARN_SUSPICIOUS_MOVE = YES;
				CLANG_WARN_UNGUARDED_AVAILABILITY = YES_AGGRESSIVE;
				CLANG_WARN_UNREACHABLE_CODE = YES;
				CLANG_WARN__DUPLICATE_METHOD_MATCH = YES;
				COPY_PHASE_STRIP = NO;
				DEBUG_INFORMATION_FORMAT = "dwarf-with-dsym";
				ENABLE_NS_ASSERTIONS = NO;
				ENABLE_STRICT_OBJC_MSGSEND = YES;
				ENABLE_USER_SCRIPT_SANDBOXING = YES;
				GCC_C_LANGUAGE_STANDARD = gnu17;
				GCC_NO_COMMON_BLOCKS = YES;
				GCC_WARN_64_TO_32_BIT_CONVERSION = YES;
				GCC_WARN_ABOUT_RETURN_TYPE = YES_ERROR;
				GCC_WARN_UNDECLARED_SELECTOR = YES;
				GCC_WARN_UNINITIALIZED_AUTOS = YES_AGGRESSIVE;
				GCC_WARN_UNUSED_FUNCTION = YES;
				GCC_WARN_UNUSED_VARIABLE = YES;
				IPHONEOS_DEPLOYMENT_TARGET = 17.0;
				LOCALIZATION_PREFERS_STRING_CATALOGS = YES;
				MTL_ENABLE_DEBUG_INFO = NO;
				MTL_FAST_MATH = YES;
				SDKROOT = iphoneos;
				SWIFT_COMPILATION_MODE = wholemodule;
				VALIDATE_PRODUCT = YES;
			};
			name = Release;
		};
		65C80E732B62D1A30071931A /* Debug */ = {
			isa = XCBuildConfiguration;
			buildSettings = {
				ASSETCATALOG_COMPILER_APPICON_NAME = AppIcon;
				ASSETCATALOG_COMPILER_GLOBAL_ACCENT_COLOR_NAME = AccentColor;
				CODE_SIGN_STYLE = Automatic;
				CURRENT_PROJECT_VERSION = 1;
				DEVELOPMENT_TEAM = X2PCFSP3CV;
				GENERATE_INFOPLIST_FILE = YES;
				INFOPLIST_FILE = Pugs/Info.plist;
				INFOPLIST_KEY_UIApplicationSupportsIndirectInputEvents = YES;
				INFOPLIST_KEY_UILaunchStoryboardName = LaunchScreen;
				INFOPLIST_KEY_UISupportedInterfaceOrientations_iPad = "UIInterfaceOrientationPortrait UIInterfaceOrientationPortraitUpsideDown UIInterfaceOrientationLandscapeLeft UIInterfaceOrientationLandscapeRight";
				INFOPLIST_KEY_UISupportedInterfaceOrientations_iPhone = "UIInterfaceOrientationPortrait UIInterfaceOrientationLandscapeLeft UIInterfaceOrientationLandscapeRight";
				LD_RUNPATH_SEARCH_PATHS = (
					"$(inherited)",
					"@executable_path/Frameworks",
				);
				MARKETING_VERSION = 1.0;
				PRODUCT_BUNDLE_IDENTIFIER = com.yadux.Pugs;
				PRODUCT_NAME = "$(TARGET_NAME)";
				SWIFT_EMIT_LOC_STRINGS = YES;
				SWIFT_VERSION = 5.0;
				TARGETED_DEVICE_FAMILY = "1,2";
			};
			name = Debug;
		};
		65C80E742B62D1A30071931A /* Release */ = {
			isa = XCBuildConfiguration;
			buildSettings = {
				ASSETCATALOG_COMPILER_APPICON_NAME = AppIcon;
				ASSETCATALOG_COMPILER_GLOBAL_ACCENT_COLOR_NAME = AccentColor;
				CODE_SIGN_STYLE = Automatic;
				CURRENT_PROJECT_VERSION = 1;
				DEVELOPMENT_TEAM = X2PCFSP3CV;
				GENERATE_INFOPLIST_FILE = YES;
				INFOPLIST_FILE = Pugs/Info.plist;
				INFOPLIST_KEY_UIApplicationSupportsIndirectInputEvents = YES;
				INFOPLIST_KEY_UILaunchStoryboardName = LaunchScreen;
				INFOPLIST_KEY_UISupportedInterfaceOrientations_iPad = "UIInterfaceOrientationPortrait UIInterfaceOrientationPortraitUpsideDown UIInterfaceOrientationLandscapeLeft UIInterfaceOrientationLandscapeRight";
				INFOPLIST_KEY_UISupportedInterfaceOrientations_iPhone = "UIInterfaceOrientationPortrait UIInterfaceOrientationLandscapeLeft UIInterfaceOrientationLandscapeRight";
				LD_RUNPATH_SEARCH_PATHS = (
					"$(inherited)",
					"@executable_path/Frameworks",
				);
				MARKETING_VERSION = 1.0;
				PRODUCT_BUNDLE_IDENTIFIER = com.yadux.Pugs;
				PRODUCT_NAME = "$(TARGET_NAME)";
				SWIFT_EMIT_LOC_STRINGS = YES;
				SWIFT_VERSION = 5.0;
				TARGETED_DEVICE_FAMILY = "1,2";
			};
			name = Release;
		};
		65C80E762B62D1A30071931A /* Debug */ = {
			isa = XCBuildConfiguration;
			buildSettings = {
				ALWAYS_EMBED_SWIFT_STANDARD_LIBRARIES = YES;
				BUNDLE_LOADER = "$(TEST_HOST)";
				CODE_SIGN_STYLE = Automatic;
				CURRENT_PROJECT_VERSION = 1;
				DEVELOPMENT_TEAM = X2PCFSP3CV;
				GENERATE_INFOPLIST_FILE = YES;
				IPHONEOS_DEPLOYMENT_TARGET = 17.0;
				MARKETING_VERSION = 1.0;
				PRODUCT_BUNDLE_IDENTIFIER = com.yadux.PugsTests;
				PRODUCT_NAME = "$(TARGET_NAME)";
				SWIFT_EMIT_LOC_STRINGS = NO;
				SWIFT_VERSION = 5.0;
				TARGETED_DEVICE_FAMILY = "1,2";
				TEST_HOST = "$(BUILT_PRODUCTS_DIR)/Pugs.app/$(BUNDLE_EXECUTABLE_FOLDER_PATH)/Pugs";
			};
			name = Debug;
		};
		65C80E772B62D1A30071931A /* Release */ = {
			isa = XCBuildConfiguration;
			buildSettings = {
				ALWAYS_EMBED_SWIFT_STANDARD_LIBRARIES = YES;
				BUNDLE_LOADER = "$(TEST_HOST)";
				CODE_SIGN_STYLE = Automatic;
				CURRENT_PROJECT_VERSION = 1;
				DEVELOPMENT_TEAM = X2PCFSP3CV;
				GENERATE_INFOPLIST_FILE = YES;
				IPHONEOS_DEPLOYMENT_TARGET = 17.0;
				MARKETING_VERSION = 1.0;
				PRODUCT_BUNDLE_IDENTIFIER = com.yadux.PugsTests;
				PRODUCT_NAME = "$(TARGET_NAME)";
				SWIFT_EMIT_LOC_STRINGS = NO;
				SWIFT_VERSION = 5.0;
				TARGETED_DEVICE_FAMILY = "1,2";
				TEST_HOST = "$(BUILT_PRODUCTS_DIR)/Pugs.app/$(BUNDLE_EXECUTABLE_FOLDER_PATH)/Pugs";
			};
			name = Release;
		};
		65C80E792B62D1A30071931A /* Debug */ = {
			isa = XCBuildConfiguration;
			buildSettings = {
				ALWAYS_EMBED_SWIFT_STANDARD_LIBRARIES = YES;
				CODE_SIGN_STYLE = Automatic;
				CURRENT_PROJECT_VERSION = 1;
				DEVELOPMENT_TEAM = X2PCFSP3CV;
				GENERATE_INFOPLIST_FILE = YES;
				MARKETING_VERSION = 1.0;
				PRODUCT_BUNDLE_IDENTIFIER = com.yadux.PugsUITests;
				PRODUCT_NAME = "$(TARGET_NAME)";
				SWIFT_EMIT_LOC_STRINGS = NO;
				SWIFT_VERSION = 5.0;
				TARGETED_DEVICE_FAMILY = "1,2";
				TEST_TARGET_NAME = Pugs;
			};
			name = Debug;
		};
		65C80E7A2B62D1A30071931A /* Release */ = {
			isa = XCBuildConfiguration;
			buildSettings = {
				ALWAYS_EMBED_SWIFT_STANDARD_LIBRARIES = YES;
				CODE_SIGN_STYLE = Automatic;
				CURRENT_PROJECT_VERSION = 1;
				DEVELOPMENT_TEAM = X2PCFSP3CV;
				GENERATE_INFOPLIST_FILE = YES;
				MARKETING_VERSION = 1.0;
				PRODUCT_BUNDLE_IDENTIFIER = com.yadux.PugsUITests;
				PRODUCT_NAME = "$(TARGET_NAME)";
				SWIFT_EMIT_LOC_STRINGS = NO;
				SWIFT_VERSION = 5.0;
				TARGETED_DEVICE_FAMILY = "1,2";
				TEST_TARGET_NAME = Pugs;
			};
			name = Release;
		};
/* End XCBuildConfiguration section */

/* Begin XCConfigurationList section */
		65C80E432B62D1A10071931A /* Build configuration list for PBXProject "Pugs" */ = {
			isa = XCConfigurationList;
			buildConfigurations = (
				65C80E702B62D1A30071931A /* Debug */,
				65C80E712B62D1A30071931A /* Release */,
			);
			defaultConfigurationIsVisible = 0;
			defaultConfigurationName = Release;
		};
		65C80E722B62D1A30071931A /* Build configuration list for PBXNativeTarget "Pugs" */ = {
			isa = XCConfigurationList;
			buildConfigurations = (
				65C80E732B62D1A30071931A /* Debug */,
				65C80E742B62D1A30071931A /* Release */,
			);
			defaultConfigurationIsVisible = 0;
			defaultConfigurationName = Release;
		};
		65C80E752B62D1A30071931A /* Build configuration list for PBXNativeTarget "PugsTests" */ = {
			isa = XCConfigurationList;
			buildConfigurations = (
				65C80E762B62D1A30071931A /* Debug */,
				65C80E772B62D1A30071931A /* Release */,
			);
			defaultConfigurationIsVisible = 0;
			defaultConfigurationName = Release;
		};
		65C80E782B62D1A30071931A /* Build configuration list for PBXNativeTarget "PugsUITests" */ = {
			isa = XCConfigurationList;
			buildConfigurations = (
				65C80E792B62D1A30071931A /* Debug */,
				65C80E7A2B62D1A30071931A /* Release */,
			);
			defaultConfigurationIsVisible = 0;
			defaultConfigurationName = Release;
		};
/* End XCConfigurationList section */

/* Begin XCRemoteSwiftPackageReference section */
		6524F3B32B631DB1001D804C /* XCRemoteSwiftPackageReference "firebase-ios-sdk" */ = {
			isa = XCRemoteSwiftPackageReference;
			repositoryURL = "https://github.com/firebase/firebase-ios-sdk.git";
			requirement = {
				kind = upToNextMajorVersion;
				minimumVersion = 10.20.0;
			};
		};
		6524F3C02B640F81001D804C /* XCRemoteSwiftPackageReference "Reachability" */ = {
			isa = XCRemoteSwiftPackageReference;
			repositoryURL = "https://github.com/ashleymills/Reachability.swift";
			requirement = {
				branch = master;
				kind = branch;
			};
		};
		6524F3C82B6420AC001D804C /* XCRemoteSwiftPackageReference "SnackBar" */ = {
			isa = XCRemoteSwiftPackageReference;
			repositoryURL = "https://github.com/ahmedAlmasri/SnackBar.swift";
			requirement = {
				kind = upToNextMajorVersion;
				minimumVersion = 0.1.2;
			};
		};
		65C80E8C2B62DC730071931A /* XCRemoteSwiftPackageReference "Alamofire" */ = {
			isa = XCRemoteSwiftPackageReference;
			repositoryURL = "https://github.com/Alamofire/Alamofire.git";
			requirement = {
				kind = upToNextMajorVersion;
				minimumVersion = 5.8.1;
			};
		};
		65C80E992B62DF060071931A /* XCRemoteSwiftPackageReference "Nuke" */ = {
			isa = XCRemoteSwiftPackageReference;
			repositoryURL = "https://github.com/kean/Nuke";
			requirement = {
				kind = upToNextMajorVersion;
				minimumVersion = 12.3.0;
			};
		};
		65C80E9E2B62E5FF0071931A /* XCRemoteSwiftPackageReference "SwiftFormat" */ = {
			isa = XCRemoteSwiftPackageReference;
			repositoryURL = "https://github.com/nicklockwood/SwiftFormat";
			requirement = {
				kind = upToNextMajorVersion;
				minimumVersion = 0.53.0;
			};
		};
/* End XCRemoteSwiftPackageReference section */

/* Begin XCSwiftPackageProductDependency section */
		6524F3B42B631DB1001D804C /* FirebaseCrashlytics */ = {
			isa = XCSwiftPackageProductDependency;
			package = 6524F3B32B631DB1001D804C /* XCRemoteSwiftPackageReference "firebase-ios-sdk" */;
			productName = FirebaseCrashlytics;
		};
		6524F3C12B640F81001D804C /* Reachability */ = {
			isa = XCSwiftPackageProductDependency;
			package = 6524F3C02B640F81001D804C /* XCRemoteSwiftPackageReference "Reachability" */;
			productName = Reachability;
		};
		6524F3C92B6420AC001D804C /* SnackBar */ = {
			isa = XCSwiftPackageProductDependency;
			package = 6524F3C82B6420AC001D804C /* XCRemoteSwiftPackageReference "SnackBar" */;
			productName = SnackBar;
		};
		65C80E8D2B62DC730071931A /* Alamofire */ = {
			isa = XCSwiftPackageProductDependency;
			package = 65C80E8C2B62DC730071931A /* XCRemoteSwiftPackageReference "Alamofire" */;
			productName = Alamofire;
		};
		65C80E9A2B62DF060071931A /* Nuke */ = {
			isa = XCSwiftPackageProductDependency;
			package = 65C80E992B62DF060071931A /* XCRemoteSwiftPackageReference "Nuke" */;
			productName = Nuke;
		};
		65C80E9C2B62DF060071931A /* NukeExtensions */ = {
			isa = XCSwiftPackageProductDependency;
			package = 65C80E992B62DF060071931A /* XCRemoteSwiftPackageReference "Nuke" */;
			productName = NukeExtensions;
		};
		65C80E9F2B62E5FF0071931A /* SwiftFormat */ = {
			isa = XCSwiftPackageProductDependency;
			package = 65C80E9E2B62E5FF0071931A /* XCRemoteSwiftPackageReference "SwiftFormat" */;
			productName = SwiftFormat;
		};
/* End XCSwiftPackageProductDependency section */
	};
	rootObject = 65C80E402B62D1A10071931A /* Project object */;
}
